// !$*UTF8*$!
{
	archiveVersion = 1;
	classes = {
	};
	objectVersion = 55;
	objects = {

/* Begin PBXBuildFile section */
		22400FD32851DDCA000DE162 /* EZLog.framework in Embed Frameworks */ = {isa = PBXBuildFile; fileRef = 225800BE2850CF9A00D0F075 /* EZLog.framework */; settings = {ATTRIBUTES = (CodeSignOnCopy, RemoveHeadersOnCopy, ); }; };
		227673BE2850D0740088CDC1 /* EZLog.swift in Sources */ = {isa = PBXBuildFile; fileRef = 227673BD2850D0740088CDC1 /* EZLog.swift */; };
		2285B3FA28507B27000D641C /* DemoApp.swift in Sources */ = {isa = PBXBuildFile; fileRef = 2285B3F928507B27000D641C /* DemoApp.swift */; };
		2285B3FC28507B27000D641C /* ContentView.swift in Sources */ = {isa = PBXBuildFile; fileRef = 2285B3FB28507B27000D641C /* ContentView.swift */; };
		2285B3FE28507B29000D641C /* Assets.xcassets in Resources */ = {isa = PBXBuildFile; fileRef = 2285B3FD28507B29000D641C /* Assets.xcassets */; };
		2285B40128507B29000D641C /* Preview Assets.xcassets in Resources */ = {isa = PBXBuildFile; fileRef = 2285B40028507B29000D641C /* Preview Assets.xcassets */; };
		22D5D20E28640D0600124342 /* ezlog.h in Headers */ = {isa = PBXBuildFile; fileRef = 225800C02850CF9A00D0F075 /* ezlog.h */; settings = {ATTRIBUTES = (Private, ); }; };
		22DECD8928644EDE00C7B820 /* EZLogFramework.xcframework in Embed Frameworks */ = {isa = PBXBuildFile; fileRef = 22DECD8728644EC400C7B820 /* EZLogFramework.xcframework */; settings = {ATTRIBUTES = (CodeSignOnCopy, RemoveHeadersOnCopy, ); }; };
		22DECD8A28644EE400C7B820 /* EZLogFramework.xcframework in Frameworks */ = {isa = PBXBuildFile; fileRef = 22DECD8728644EC400C7B820 /* EZLogFramework.xcframework */; };
		3D05AE550E141BEE88ECC3A2 /* Pods_demo.framework in Frameworks */ = {isa = PBXBuildFile; fileRef = D45CB834CB4DD84112515502 /* Pods_demo.framework */; };
		9E7C5CE0212AB0EC39676610 /* Pods_EZLog.framework in Frameworks */ = {isa = PBXBuildFile; fileRef = 04E88D38406EC9872EE75ACF /* Pods_EZLog.framework */; };
/* End PBXBuildFile section */

/* Begin PBXContainerItemProxy section */
		225800C72850CFD400D0F075 /* PBXContainerItemProxy */ = {
			isa = PBXContainerItemProxy;
			containerPortal = 2285B3D028507AC7000D641C /* Project object */;
			proxyType = 1;
			remoteGlobalIDString = 225800BD2850CF9A00D0F075;
			remoteInfo = ezlog;
		};
		2261EE0928575EAC0031FEE6 /* PBXContainerItemProxy */ = {
			isa = PBXContainerItemProxy;
			containerPortal = 2285B3D028507AC7000D641C /* Project object */;
			proxyType = 1;
			remoteGlobalIDString = 2261EE0528575E610031FEE6;
			remoteInfo = cargo_ios;
		};
/* End PBXContainerItemProxy section */

/* Begin PBXCopyFilesBuildPhase section */
		2219CED82850BEC7005AC1A6 /* Embed Frameworks */ = {
			isa = PBXCopyFilesBuildPhase;
			buildActionMask = 2147483647;
			dstPath = "";
			dstSubfolderSpec = 10;
			files = (
				22400FD32851DDCA000DE162 /* EZLog.framework in Embed Frameworks */,
			);
			name = "Embed Frameworks";
			runOnlyForDeploymentPostprocessing = 0;
		};
		22D5D20A28640B7500124342 /* Embed Frameworks */ = {
			isa = PBXCopyFilesBuildPhase;
			buildActionMask = 2147483647;
			dstPath = "";
			dstSubfolderSpec = 10;
			files = (
				22DECD8928644EDE00C7B820 /* EZLogFramework.xcframework in Embed Frameworks */,
			);
			name = "Embed Frameworks";
			runOnlyForDeploymentPostprocessing = 0;
		};
/* End PBXCopyFilesBuildPhase section */

/* Begin PBXFileReference section */
		04E88D38406EC9872EE75ACF /* Pods_EZLog.framework */ = {isa = PBXFileReference; explicitFileType = wrapper.framework; includeInIndex = 0; path = Pods_EZLog.framework; sourceTree = BUILT_PRODUCTS_DIR; };
		1EF522F1F26B984E5E4E9CE8 /* Pods-EZLog.release.xcconfig */ = {isa = PBXFileReference; includeInIndex = 1; lastKnownFileType = text.xcconfig; name = "Pods-EZLog.release.xcconfig"; path = "Target Support Files/Pods-EZLog/Pods-EZLog.release.xcconfig"; sourceTree = "<group>"; };
		225800BE2850CF9A00D0F075 /* EZLog.framework */ = {isa = PBXFileReference; explicitFileType = wrapper.framework; includeInIndex = 0; path = EZLog.framework; sourceTree = BUILT_PRODUCTS_DIR; };
		225800C02850CF9A00D0F075 /* ezlog.h */ = {isa = PBXFileReference; lastKnownFileType = sourcecode.c.h; path = ezlog.h; sourceTree = "<group>"; };
		227673BD2850D0740088CDC1 /* EZLog.swift */ = {isa = PBXFileReference; lastKnownFileType = sourcecode.swift; path = EZLog.swift; sourceTree = "<group>"; };
		2285B3F728507B27000D641C /* demo.app */ = {isa = PBXFileReference; explicitFileType = wrapper.application; includeInIndex = 0; path = demo.app; sourceTree = BUILT_PRODUCTS_DIR; };
		2285B3F928507B27000D641C /* DemoApp.swift */ = {isa = PBXFileReference; lastKnownFileType = sourcecode.swift; path = DemoApp.swift; sourceTree = "<group>"; };
		2285B3FB28507B27000D641C /* ContentView.swift */ = {isa = PBXFileReference; lastKnownFileType = sourcecode.swift; path = ContentView.swift; sourceTree = "<group>"; };
		2285B3FD28507B29000D641C /* Assets.xcassets */ = {isa = PBXFileReference; lastKnownFileType = folder.assetcatalog; path = Assets.xcassets; sourceTree = "<group>"; };
		2285B40028507B29000D641C /* Preview Assets.xcassets */ = {isa = PBXFileReference; lastKnownFileType = folder.assetcatalog; path = "Preview Assets.xcassets"; sourceTree = "<group>"; };
		22DECD8728644EC400C7B820 /* EZLogFramework.xcframework */ = {isa = PBXFileReference; lastKnownFileType = wrapper.xcframework; name = EZLogFramework.xcframework; path = framework/EZLogFramework.xcframework; sourceTree = "<group>"; };
		3ACE03FA206B05466F8B2870 /* Pods-EZLog.debug.xcconfig */ = {isa = PBXFileReference; includeInIndex = 1; lastKnownFileType = text.xcconfig; name = "Pods-EZLog.debug.xcconfig"; path = "Target Support Files/Pods-EZLog/Pods-EZLog.debug.xcconfig"; sourceTree = "<group>"; };
		5214A0FD75E552EDAB83696D /* Pods-demo.release.xcconfig */ = {isa = PBXFileReference; includeInIndex = 1; lastKnownFileType = text.xcconfig; name = "Pods-demo.release.xcconfig"; path = "Target Support Files/Pods-demo/Pods-demo.release.xcconfig"; sourceTree = "<group>"; };
		8DCABA24E88FEF292654C996 /* Pods-demo.debug.xcconfig */ = {isa = PBXFileReference; includeInIndex = 1; lastKnownFileType = text.xcconfig; name = "Pods-demo.debug.xcconfig"; path = "Target Support Files/Pods-demo/Pods-demo.debug.xcconfig"; sourceTree = "<group>"; };
		A6D153260A8950B7170801C1 /* Pods-ezlog.debug.xcconfig */ = {isa = PBXFileReference; includeInIndex = 1; lastKnownFileType = text.xcconfig; name = "Pods-ezlog.debug.xcconfig"; path = "Target Support Files/Pods-ezlog/Pods-ezlog.debug.xcconfig"; sourceTree = "<group>"; };
		D45CB834CB4DD84112515502 /* Pods_demo.framework */ = {isa = PBXFileReference; explicitFileType = wrapper.framework; includeInIndex = 0; path = Pods_demo.framework; sourceTree = BUILT_PRODUCTS_DIR; };
		E56DFE9B4D0974A1A9FEB79B /* Pods-ezlog.release.xcconfig */ = {isa = PBXFileReference; includeInIndex = 1; lastKnownFileType = text.xcconfig; name = "Pods-ezlog.release.xcconfig"; path = "Target Support Files/Pods-ezlog/Pods-ezlog.release.xcconfig"; sourceTree = "<group>"; };
/* End PBXFileReference section */

/* Begin PBXFrameworksBuildPhase section */
		225800BB2850CF9A00D0F075 /* Frameworks */ = {
			isa = PBXFrameworksBuildPhase;
			buildActionMask = 2147483647;
			files = (
				22DECD8A28644EE400C7B820 /* EZLogFramework.xcframework in Frameworks */,
				9E7C5CE0212AB0EC39676610 /* Pods_EZLog.framework in Frameworks */,
			);
			runOnlyForDeploymentPostprocessing = 0;
		};
		2285B3F428507B27000D641C /* Frameworks */ = {
			isa = PBXFrameworksBuildPhase;
			buildActionMask = 2147483647;
			files = (
				3D05AE550E141BEE88ECC3A2 /* Pods_demo.framework in Frameworks */,
			);
			runOnlyForDeploymentPostprocessing = 0;
		};
/* End PBXFrameworksBuildPhase section */

/* Begin PBXGroup section */
		2219CEB32850852C005AC1A6 /* Frameworks */ = {
			isa = PBXGroup;
			children = (
				22DECD8728644EC400C7B820 /* EZLogFramework.xcframework */,
				D45CB834CB4DD84112515502 /* Pods_demo.framework */,
				04E88D38406EC9872EE75ACF /* Pods_EZLog.framework */,
			);
			name = Frameworks;
			sourceTree = "<group>";
		};
		225800BF2850CF9A00D0F075 /* EZLog */ = {
			isa = PBXGroup;
			children = (
				22D5D20F286416C700124342 /* Sources */,
			);
			path = EZLog;
			sourceTree = "<group>";
		};
		2285B3CF28507AC7000D641C = {
			isa = PBXGroup;
			children = (
				2285B3F828507B27000D641C /* demo */,
				225800BF2850CF9A00D0F075 /* EZLog */,
				2285B3DA28507AC7000D641C /* Products */,
				2219CEB32850852C005AC1A6 /* Frameworks */,
				AAF21E9D6F4508703B274B78 /* Pods */,
			);
			sourceTree = "<group>";
			usesTabs = 0;
		};
		2285B3DA28507AC7000D641C /* Products */ = {
			isa = PBXGroup;
			children = (
				2285B3F728507B27000D641C /* demo.app */,
				225800BE2850CF9A00D0F075 /* EZLog.framework */,
			);
			name = Products;
			sourceTree = "<group>";
		};
		2285B3F828507B27000D641C /* demo */ = {
			isa = PBXGroup;
			children = (
				2285B3F928507B27000D641C /* DemoApp.swift */,
				2285B3FB28507B27000D641C /* ContentView.swift */,
				2285B3FD28507B29000D641C /* Assets.xcassets */,
				2285B3FF28507B29000D641C /* Preview Content */,
			);
			path = demo;
			sourceTree = "<group>";
		};
		2285B3FF28507B29000D641C /* Preview Content */ = {
			isa = PBXGroup;
			children = (
				2285B40028507B29000D641C /* Preview Assets.xcassets */,
			);
			path = "Preview Content";
			sourceTree = "<group>";
		};
		22D5D20F286416C700124342 /* Sources */ = {
			isa = PBXGroup;
			children = (
				227673BD2850D0740088CDC1 /* EZLog.swift */,
				225800C02850CF9A00D0F075 /* ezlog.h */,
			);
			path = Sources;
			sourceTree = "<group>";
		};
		AAF21E9D6F4508703B274B78 /* Pods */ = {
			isa = PBXGroup;
			children = (
				8DCABA24E88FEF292654C996 /* Pods-demo.debug.xcconfig */,
				5214A0FD75E552EDAB83696D /* Pods-demo.release.xcconfig */,
				A6D153260A8950B7170801C1 /* Pods-ezlog.debug.xcconfig */,
				E56DFE9B4D0974A1A9FEB79B /* Pods-ezlog.release.xcconfig */,
				3ACE03FA206B05466F8B2870 /* Pods-EZLog.debug.xcconfig */,
				1EF522F1F26B984E5E4E9CE8 /* Pods-EZLog.release.xcconfig */,
			);
			path = Pods;
			sourceTree = "<group>";
		};
/* End PBXGroup section */

/* Begin PBXHeadersBuildPhase section */
		225800B92850CF9A00D0F075 /* Headers */ = {
			isa = PBXHeadersBuildPhase;
			buildActionMask = 2147483647;
			files = (
				22D5D20E28640D0600124342 /* ezlog.h in Headers */,
			);
			runOnlyForDeploymentPostprocessing = 0;
		};
/* End PBXHeadersBuildPhase section */

/* Begin PBXLegacyTarget section */
		2261EE0528575E610031FEE6 /* cargo_ios */ = {
			isa = PBXLegacyTarget;
			buildArgumentsString = b_ios.sh;
			buildConfigurationList = 2261EE0628575E610031FEE6 /* Build configuration list for PBXLegacyTarget "cargo_ios" */;
			buildPhases = (
			);
			buildToolPath = /bin/sh;
			buildWorkingDirectory = .;
			dependencies = (
			);
			name = cargo_ios;
			passBuildSettingsInEnvironment = 1;
			productName = cargo_ios;
		};
/* End PBXLegacyTarget section */

/* Begin PBXNativeTarget section */
		225800BD2850CF9A00D0F075 /* EZLog */ = {
			isa = PBXNativeTarget;
			buildConfigurationList = 225800C42850CF9A00D0F075 /* Build configuration list for PBXNativeTarget "EZLog" */;
			buildPhases = (
				2FE90A42BFA2C36D2248D247 /* [CP] Check Pods Manifest.lock */,
				225800B92850CF9A00D0F075 /* Headers */,
				225800BC2850CF9A00D0F075 /* Resources */,
				225800BA2850CF9A00D0F075 /* Sources */,
				225800BB2850CF9A00D0F075 /* Frameworks */,
				22D5D20A28640B7500124342 /* Embed Frameworks */,
			);
			buildRules = (
			);
			dependencies = (
				2261EE0A28575EAC0031FEE6 /* PBXTargetDependency */,
			);
			name = EZLog;
			productName = ezlog;
			productReference = 225800BE2850CF9A00D0F075 /* EZLog.framework */;
			productType = "com.apple.product-type.framework";
		};
		2285B3F628507B27000D641C /* demo */ = {
			isa = PBXNativeTarget;
			buildConfigurationList = 2285B40228507B29000D641C /* Build configuration list for PBXNativeTarget "demo" */;
			buildPhases = (
				FD78BBF636C6313D255C1709 /* [CP] Check Pods Manifest.lock */,
				2285B3F328507B27000D641C /* Sources */,
				2285B3F428507B27000D641C /* Frameworks */,
				2285B3F528507B27000D641C /* Resources */,
				2219CED82850BEC7005AC1A6 /* Embed Frameworks */,
			);
			buildRules = (
			);
			dependencies = (
				225800C82850CFD400D0F075 /* PBXTargetDependency */,
			);
			name = demo;
			productName = demo;
			productReference = 2285B3F728507B27000D641C /* demo.app */;
			productType = "com.apple.product-type.application";
		};
/* End PBXNativeTarget section */

/* Begin PBXProject section */
		2285B3D028507AC7000D641C /* Project object */ = {
			isa = PBXProject;
			attributes = {
				BuildIndependentTargetsInParallel = 1;
				LastSwiftUpdateCheck = 1340;
				LastUpgradeCheck = 1340;
				TargetAttributes = {
					225800BD2850CF9A00D0F075 = {
						CreatedOnToolsVersion = 13.4.1;
					};
					2261EE0528575E610031FEE6 = {
						CreatedOnToolsVersion = 13.4.1;
					};
					2285B3F628507B27000D641C = {
						CreatedOnToolsVersion = 13.4.1;
					};
				};
			};
			buildConfigurationList = 2285B3D328507AC7000D641C /* Build configuration list for PBXProject "EZLog" */;
			compatibilityVersion = "Xcode 13.0";
			developmentRegion = en;
			hasScannedForEncodings = 0;
			knownRegions = (
				en,
				Base,
			);
			mainGroup = 2285B3CF28507AC7000D641C;
			productRefGroup = 2285B3DA28507AC7000D641C /* Products */;
			projectDirPath = "";
			projectRoot = "";
			targets = (
				2285B3F628507B27000D641C /* demo */,
				225800BD2850CF9A00D0F075 /* EZLog */,
				2261EE0528575E610031FEE6 /* cargo_ios */,
			);
		};
/* End PBXProject section */

/* Begin PBXResourcesBuildPhase section */
		225800BC2850CF9A00D0F075 /* Resources */ = {
			isa = PBXResourcesBuildPhase;
			buildActionMask = 2147483647;
			files = (
			);
			runOnlyForDeploymentPostprocessing = 0;
		};
		2285B3F528507B27000D641C /* Resources */ = {
			isa = PBXResourcesBuildPhase;
			buildActionMask = 2147483647;
			files = (
				2285B40128507B29000D641C /* Preview Assets.xcassets in Resources */,
				2285B3FE28507B29000D641C /* Assets.xcassets in Resources */,
			);
			runOnlyForDeploymentPostprocessing = 0;
		};
/* End PBXResourcesBuildPhase section */

/* Begin PBXShellScriptBuildPhase section */
		2FE90A42BFA2C36D2248D247 /* [CP] Check Pods Manifest.lock */ = {
			isa = PBXShellScriptBuildPhase;
			buildActionMask = 2147483647;
			files = (
			);
			inputFileListPaths = (
			);
			inputPaths = (
				"${PODS_PODFILE_DIR_PATH}/Podfile.lock",
				"${PODS_ROOT}/Manifest.lock",
			);
			name = "[CP] Check Pods Manifest.lock";
			outputFileListPaths = (
			);
			outputPaths = (
				"$(DERIVED_FILE_DIR)/Pods-EZLog-checkManifestLockResult.txt",
			);
			runOnlyForDeploymentPostprocessing = 0;
			shellPath = /bin/sh;
			shellScript = "diff \"${PODS_PODFILE_DIR_PATH}/Podfile.lock\" \"${PODS_ROOT}/Manifest.lock\" > /dev/null\nif [ $? != 0 ] ; then\n    # print error to STDERR\n    echo \"error: The sandbox is not in sync with the Podfile.lock. Run 'pod install' or update your CocoaPods installation.\" >&2\n    exit 1\nfi\n# This output is used by Xcode 'outputs' to avoid re-running this script phase.\necho \"SUCCESS\" > \"${SCRIPT_OUTPUT_FILE_0}\"\n";
			showEnvVarsInLog = 0;
		};
		FD78BBF636C6313D255C1709 /* [CP] Check Pods Manifest.lock */ = {
			isa = PBXShellScriptBuildPhase;
			buildActionMask = 2147483647;
			files = (
			);
			inputFileListPaths = (
			);
			inputPaths = (
				"${PODS_PODFILE_DIR_PATH}/Podfile.lock",
				"${PODS_ROOT}/Manifest.lock",
			);
			name = "[CP] Check Pods Manifest.lock";
			outputFileListPaths = (
			);
			outputPaths = (
				"$(DERIVED_FILE_DIR)/Pods-demo-checkManifestLockResult.txt",
			);
			runOnlyForDeploymentPostprocessing = 0;
			shellPath = /bin/sh;
			shellScript = "diff \"${PODS_PODFILE_DIR_PATH}/Podfile.lock\" \"${PODS_ROOT}/Manifest.lock\" > /dev/null\nif [ $? != 0 ] ; then\n    # print error to STDERR\n    echo \"error: The sandbox is not in sync with the Podfile.lock. Run 'pod install' or update your CocoaPods installation.\" >&2\n    exit 1\nfi\n# This output is used by Xcode 'outputs' to avoid re-running this script phase.\necho \"SUCCESS\" > \"${SCRIPT_OUTPUT_FILE_0}\"\n";
			showEnvVarsInLog = 0;
		};
/* End PBXShellScriptBuildPhase section */

/* Begin PBXSourcesBuildPhase section */
		225800BA2850CF9A00D0F075 /* Sources */ = {
			isa = PBXSourcesBuildPhase;
			buildActionMask = 2147483647;
			files = (
				227673BE2850D0740088CDC1 /* EZLog.swift in Sources */,
			);
			runOnlyForDeploymentPostprocessing = 0;
		};
		2285B3F328507B27000D641C /* Sources */ = {
			isa = PBXSourcesBuildPhase;
			buildActionMask = 2147483647;
			files = (
				2285B3FC28507B27000D641C /* ContentView.swift in Sources */,
				2285B3FA28507B27000D641C /* DemoApp.swift in Sources */,
			);
			runOnlyForDeploymentPostprocessing = 0;
		};
/* End PBXSourcesBuildPhase section */

/* Begin PBXTargetDependency section */
		225800C82850CFD400D0F075 /* PBXTargetDependency */ = {
			isa = PBXTargetDependency;
			target = 225800BD2850CF9A00D0F075 /* EZLog */;
			targetProxy = 225800C72850CFD400D0F075 /* PBXContainerItemProxy */;
		};
		2261EE0A28575EAC0031FEE6 /* PBXTargetDependency */ = {
			isa = PBXTargetDependency;
			target = 2261EE0528575E610031FEE6 /* cargo_ios */;
			targetProxy = 2261EE0928575EAC0031FEE6 /* PBXContainerItemProxy */;
		};
/* End PBXTargetDependency section */

/* Begin XCBuildConfiguration section */
		225800C52850CF9A00D0F075 /* Debug */ = {
			isa = XCBuildConfiguration;
			baseConfigurationReference = 3ACE03FA206B05466F8B2870 /* Pods-EZLog.debug.xcconfig */;
			buildSettings = {
				CODE_SIGN_STYLE = Automatic;
				CURRENT_PROJECT_VERSION = 1;
				DEFINES_MODULE = YES;
				DEVELOPMENT_TEAM = WU3FS28JLY;
				DYLIB_COMPATIBILITY_VERSION = 1;
				DYLIB_CURRENT_VERSION = 1;
				DYLIB_INSTALL_NAME_BASE = "@rpath";
				GENERATE_INFOPLIST_FILE = YES;
				INFOPLIST_KEY_NSHumanReadableCopyright = "";
				INSTALL_PATH = "$(LOCAL_LIBRARY_DIR)/Frameworks";
				IPHONEOS_DEPLOYMENT_TARGET = 15.0;
				LD_RUNPATH_SEARCH_PATHS = (
					"$(inherited)",
					"@executable_path/Frameworks",
					"@loader_path/Frameworks",
				);
				LIBRARY_SEARCH_PATHS = "/Users/aldmgmgw/repo/ezlog/target/aarch64-apple-ios/release/**";
				MACOSX_DEPLOYMENT_TARGET = 12.3;
				MARKETING_VERSION = 1.0;
				PRODUCT_BUNDLE_IDENTIFIER = wtf.s1.ezlog;
				PRODUCT_NAME = EZLog;
				SKIP_INSTALL = YES;
				SUPPORTS_MACCATALYST = NO;
				SWIFT_EMIT_LOC_STRINGS = YES;
				SWIFT_VERSION = 5.0;
				TARGETED_DEVICE_FAMILY = "1,2";
			};
			name = Debug;
		};
		225800C62850CF9A00D0F075 /* Release */ = {
			isa = XCBuildConfiguration;
			baseConfigurationReference = 1EF522F1F26B984E5E4E9CE8 /* Pods-EZLog.release.xcconfig */;
			buildSettings = {
				CODE_SIGN_STYLE = Automatic;
				CURRENT_PROJECT_VERSION = 1;
				DEFINES_MODULE = YES;
				DEVELOPMENT_TEAM = WU3FS28JLY;
				DYLIB_COMPATIBILITY_VERSION = 1;
				DYLIB_CURRENT_VERSION = 1;
				DYLIB_INSTALL_NAME_BASE = "@rpath";
				GENERATE_INFOPLIST_FILE = YES;
				INFOPLIST_KEY_NSHumanReadableCopyright = "";
				INSTALL_PATH = "$(LOCAL_LIBRARY_DIR)/Frameworks";
				IPHONEOS_DEPLOYMENT_TARGET = 15.0;
				LD_RUNPATH_SEARCH_PATHS = (
					"$(inherited)",
					"@executable_path/Frameworks",
					"@loader_path/Frameworks",
				);
				LIBRARY_SEARCH_PATHS = "/Users/aldmgmgw/repo/ezlog/target/aarch64-apple-ios/release/**";
				MACOSX_DEPLOYMENT_TARGET = 12.3;
				MARKETING_VERSION = 1.0;
				PRODUCT_BUNDLE_IDENTIFIER = wtf.s1.ezlog;
				PRODUCT_NAME = EZLog;
				SKIP_INSTALL = YES;
				SUPPORTS_MACCATALYST = NO;
				SWIFT_EMIT_LOC_STRINGS = YES;
				SWIFT_VERSION = 5.0;
				TARGETED_DEVICE_FAMILY = "1,2";
			};
			name = Release;
		};
		2261EE0728575E610031FEE6 /* Debug */ = {
			isa = XCBuildConfiguration;
			buildSettings = {
				CODE_SIGN_STYLE = Automatic;
				DEBUGGING_SYMBOLS = YES;
				DEBUG_INFORMATION_FORMAT = dwarf;
				DEVELOPMENT_TEAM = WU3FS28JLY;
				GCC_GENERATE_DEBUGGING_SYMBOLS = YES;
				GCC_OPTIMIZATION_LEVEL = 0;
				OTHER_CFLAGS = "";
				OTHER_LDFLAGS = "";
				PRODUCT_NAME = "$(TARGET_NAME)";
			};
			name = Debug;
		};
		2261EE0828575E610031FEE6 /* Release */ = {
			isa = XCBuildConfiguration;
			buildSettings = {
				CODE_SIGN_STYLE = Automatic;
				DEBUG_INFORMATION_FORMAT = "dwarf-with-dsym";
				DEVELOPMENT_TEAM = WU3FS28JLY;
				OTHER_CFLAGS = "";
				OTHER_LDFLAGS = "";
				PRODUCT_NAME = "$(TARGET_NAME)";
			};
			name = Release;
		};
		2285B3EB28507AC7000D641C /* Debug */ = {
			isa = XCBuildConfiguration;
			buildSettings = {
				ALWAYS_SEARCH_USER_PATHS = NO;
				CLANG_ANALYZER_NONNULL = YES;
				CLANG_ANALYZER_NUMBER_OBJECT_CONVERSION = YES_AGGRESSIVE;
				CLANG_CXX_LANGUAGE_STANDARD = "gnu++17";
				CLANG_ENABLE_MODULES = YES;
				CLANG_ENABLE_OBJC_ARC = YES;
				CLANG_ENABLE_OBJC_WEAK = YES;
				CLANG_WARN_BLOCK_CAPTURE_AUTORELEASING = YES;
				CLANG_WARN_BOOL_CONVERSION = YES;
				CLANG_WARN_COMMA = YES;
				CLANG_WARN_CONSTANT_CONVERSION = YES;
				CLANG_WARN_DEPRECATED_OBJC_IMPLEMENTATIONS = YES;
				CLANG_WARN_DIRECT_OBJC_ISA_USAGE = YES_ERROR;
				CLANG_WARN_DOCUMENTATION_COMMENTS = YES;
				CLANG_WARN_EMPTY_BODY = YES;
				CLANG_WARN_ENUM_CONVERSION = YES;
				CLANG_WARN_INFINITE_RECURSION = YES;
				CLANG_WARN_INT_CONVERSION = YES;
				CLANG_WARN_NON_LITERAL_NULL_CONVERSION = YES;
				CLANG_WARN_OBJC_IMPLICIT_RETAIN_SELF = YES;
				CLANG_WARN_OBJC_LITERAL_CONVERSION = YES;
				CLANG_WARN_OBJC_ROOT_CLASS = YES_ERROR;
				CLANG_WARN_QUOTED_INCLUDE_IN_FRAMEWORK_HEADER = YES;
				CLANG_WARN_RANGE_LOOP_ANALYSIS = YES;
				CLANG_WARN_STRICT_PROTOTYPES = YES;
				CLANG_WARN_SUSPICIOUS_MOVE = YES;
				CLANG_WARN_UNGUARDED_AVAILABILITY = YES_AGGRESSIVE;
				CLANG_WARN_UNREACHABLE_CODE = YES;
				CLANG_WARN__DUPLICATE_METHOD_MATCH = YES;
				COPY_PHASE_STRIP = NO;
				CURRENT_PROJECT_VERSION = 1;
				DEBUG_INFORMATION_FORMAT = dwarf;
				ENABLE_STRICT_OBJC_MSGSEND = YES;
				ENABLE_TESTABILITY = YES;
				GCC_C_LANGUAGE_STANDARD = gnu11;
				GCC_DYNAMIC_NO_PIC = NO;
				GCC_NO_COMMON_BLOCKS = YES;
				GCC_OPTIMIZATION_LEVEL = 0;
				GCC_PREPROCESSOR_DEFINITIONS = (
					"DEBUG=1",
					"$(inherited)",
				);
				GCC_WARN_64_TO_32_BIT_CONVERSION = YES;
				GCC_WARN_ABOUT_RETURN_TYPE = YES_ERROR;
				GCC_WARN_UNDECLARED_SELECTOR = YES;
				GCC_WARN_UNINITIALIZED_AUTOS = YES_AGGRESSIVE;
				GCC_WARN_UNUSED_FUNCTION = YES;
				GCC_WARN_UNUSED_VARIABLE = YES;
				IPHONEOS_DEPLOYMENT_TARGET = 15.4;
				LIBRARY_SEARCH_PATHS = "";
				MACOSX_DEPLOYMENT_TARGET = 12.3;
				MTL_ENABLE_DEBUG_INFO = INCLUDE_SOURCE;
				MTL_FAST_MATH = YES;
				ONLY_ACTIVE_ARCH = YES;
				SDKROOT = iphoneos;
				SWIFT_ACTIVE_COMPILATION_CONDITIONS = DEBUG;
				SWIFT_OPTIMIZATION_LEVEL = "-Onone";
				VERSIONING_SYSTEM = "apple-generic";
				VERSION_INFO_PREFIX = "";
			};
			name = Debug;
		};
		2285B3EC28507AC7000D641C /* Release */ = {
			isa = XCBuildConfiguration;
			buildSettings = {
				ALWAYS_SEARCH_USER_PATHS = NO;
				CLANG_ANALYZER_NONNULL = YES;
				CLANG_ANALYZER_NUMBER_OBJECT_CONVERSION = YES_AGGRESSIVE;
				CLANG_CXX_LANGUAGE_STANDARD = "gnu++17";
				CLANG_ENABLE_MODULES = YES;
				CLANG_ENABLE_OBJC_ARC = YES;
				CLANG_ENABLE_OBJC_WEAK = YES;
				CLANG_WARN_BLOCK_CAPTURE_AUTORELEASING = YES;
				CLANG_WARN_BOOL_CONVERSION = YES;
				CLANG_WARN_COMMA = YES;
				CLANG_WARN_CONSTANT_CONVERSION = YES;
				CLANG_WARN_DEPRECATED_OBJC_IMPLEMENTATIONS = YES;
				CLANG_WARN_DIRECT_OBJC_ISA_USAGE = YES_ERROR;
				CLANG_WARN_DOCUMENTATION_COMMENTS = YES;
				CLANG_WARN_EMPTY_BODY = YES;
				CLANG_WARN_ENUM_CONVERSION = YES;
				CLANG_WARN_INFINITE_RECURSION = YES;
				CLANG_WARN_INT_CONVERSION = YES;
				CLANG_WARN_NON_LITERAL_NULL_CONVERSION = YES;
				CLANG_WARN_OBJC_IMPLICIT_RETAIN_SELF = YES;
				CLANG_WARN_OBJC_LITERAL_CONVERSION = YES;
				CLANG_WARN_OBJC_ROOT_CLASS = YES_ERROR;
				CLANG_WARN_QUOTED_INCLUDE_IN_FRAMEWORK_HEADER = YES;
				CLANG_WARN_RANGE_LOOP_ANALYSIS = YES;
				CLANG_WARN_STRICT_PROTOTYPES = YES;
				CLANG_WARN_SUSPICIOUS_MOVE = YES;
				CLANG_WARN_UNGUARDED_AVAILABILITY = YES_AGGRESSIVE;
				CLANG_WARN_UNREACHABLE_CODE = YES;
				CLANG_WARN__DUPLICATE_METHOD_MATCH = YES;
				COPY_PHASE_STRIP = NO;
				CURRENT_PROJECT_VERSION = 1;
				DEBUG_INFORMATION_FORMAT = "dwarf-with-dsym";
				ENABLE_NS_ASSERTIONS = NO;
				ENABLE_STRICT_OBJC_MSGSEND = YES;
				GCC_C_LANGUAGE_STANDARD = gnu11;
				GCC_NO_COMMON_BLOCKS = YES;
				GCC_WARN_64_TO_32_BIT_CONVERSION = YES;
				GCC_WARN_ABOUT_RETURN_TYPE = YES_ERROR;
				GCC_WARN_UNDECLARED_SELECTOR = YES;
				GCC_WARN_UNINITIALIZED_AUTOS = YES_AGGRESSIVE;
				GCC_WARN_UNUSED_FUNCTION = YES;
				GCC_WARN_UNUSED_VARIABLE = YES;
				IPHONEOS_DEPLOYMENT_TARGET = 15.4;
				LIBRARY_SEARCH_PATHS = "";
				MACOSX_DEPLOYMENT_TARGET = 12.3;
				MTL_ENABLE_DEBUG_INFO = NO;
				MTL_FAST_MATH = YES;
				SDKROOT = iphoneos;
				SWIFT_COMPILATION_MODE = wholemodule;
				SWIFT_OPTIMIZATION_LEVEL = "-O";
				VALIDATE_PRODUCT = YES;
				VERSIONING_SYSTEM = "apple-generic";
				VERSION_INFO_PREFIX = "";
			};
			name = Release;
		};
		2285B40328507B29000D641C /* Debug */ = {
			isa = XCBuildConfiguration;
			baseConfigurationReference = 8DCABA24E88FEF292654C996 /* Pods-demo.debug.xcconfig */;
			buildSettings = {
				ALWAYS_EMBED_SWIFT_STANDARD_LIBRARIES = YES;
				ASSETCATALOG_COMPILER_APPICON_NAME = AppIcon;
				ASSETCATALOG_COMPILER_GLOBAL_ACCENT_COLOR_NAME = AccentColor;
				CODE_SIGN_STYLE = Automatic;
				CURRENT_PROJECT_VERSION = 1;
				DEVELOPMENT_ASSET_PATHS = "\"demo/Preview Content\"";
				DEVELOPMENT_TEAM = WU3FS28JLY;
				ENABLE_PREVIEWS = YES;
				"FRAMEWORK_SEARCH_PATHS[arch=*]" = "";
				GENERATE_INFOPLIST_FILE = YES;
				INFOPLIST_KEY_UIApplicationSceneManifest_Generation = YES;
				INFOPLIST_KEY_UIApplicationSupportsIndirectInputEvents = YES;
				INFOPLIST_KEY_UILaunchScreen_Generation = YES;
				INFOPLIST_KEY_UISupportedInterfaceOrientations_iPad = "UIInterfaceOrientationPortrait UIInterfaceOrientationPortraitUpsideDown UIInterfaceOrientationLandscapeLeft UIInterfaceOrientationLandscapeRight";
				INFOPLIST_KEY_UISupportedInterfaceOrientations_iPhone = "UIInterfaceOrientationPortrait UIInterfaceOrientationLandscapeLeft UIInterfaceOrientationLandscapeRight";
				IPHONEOS_DEPLOYMENT_TARGET = 15.4;
				LD_RUNPATH_SEARCH_PATHS = (
					"$(inherited)",
					"@executable_path/Frameworks",
				);
				MARKETING_VERSION = 1.0;
				PRODUCT_BUNDLE_IDENTIFIER = wtf.s1.demo;
				PRODUCT_NAME = "$(TARGET_NAME)";
				SWIFT_EMIT_LOC_STRINGS = YES;
				SWIFT_VERSION = 5.0;
				TARGETED_DEVICE_FAMILY = "1,2";
			};
			name = Debug;
		};
		2285B40428507B29000D641C /* Release */ = {
			isa = XCBuildConfiguration;
			baseConfigurationReference = 5214A0FD75E552EDAB83696D /* Pods-demo.release.xcconfig */;
			buildSettings = {
				ALWAYS_EMBED_SWIFT_STANDARD_LIBRARIES = YES;
				ASSETCATALOG_COMPILER_APPICON_NAME = AppIcon;
				ASSETCATALOG_COMPILER_GLOBAL_ACCENT_COLOR_NAME = AccentColor;
				CODE_SIGN_STYLE = Automatic;
				CURRENT_PROJECT_VERSION = 1;
				DEVELOPMENT_ASSET_PATHS = "\"demo/Preview Content\"";
				DEVELOPMENT_TEAM = WU3FS28JLY;
				ENABLE_PREVIEWS = YES;
				GENERATE_INFOPLIST_FILE = YES;
				INFOPLIST_KEY_UIApplicationSceneManifest_Generation = YES;
				INFOPLIST_KEY_UIApplicationSupportsIndirectInputEvents = YES;
				INFOPLIST_KEY_UILaunchScreen_Generation = YES;
				INFOPLIST_KEY_UISupportedInterfaceOrientations_iPad = "UIInterfaceOrientationPortrait UIInterfaceOrientationPortraitUpsideDown UIInterfaceOrientationLandscapeLeft UIInterfaceOrientationLandscapeRight";
				INFOPLIST_KEY_UISupportedInterfaceOrientations_iPhone = "UIInterfaceOrientationPortrait UIInterfaceOrientationLandscapeLeft UIInterfaceOrientationLandscapeRight";
				IPHONEOS_DEPLOYMENT_TARGET = 15.4;
				LD_RUNPATH_SEARCH_PATHS = (
					"$(inherited)",
					"@executable_path/Frameworks",
				);
				MARKETING_VERSION = 1.0;
				PRODUCT_BUNDLE_IDENTIFIER = wtf.s1.demo;
				PRODUCT_NAME = "$(TARGET_NAME)";
				SWIFT_EMIT_LOC_STRINGS = YES;
				SWIFT_VERSION = 5.0;
				TARGETED_DEVICE_FAMILY = "1,2";
			};
			name = Release;
		};
/* End XCBuildConfiguration section */

/* Begin XCConfigurationList section */
		225800C42850CF9A00D0F075 /* Build configuration list for PBXNativeTarget "EZLog" */ = {
			isa = XCConfigurationList;
			buildConfigurations = (
				225800C52850CF9A00D0F075 /* Debug */,
				225800C62850CF9A00D0F075 /* Release */,
			);
			defaultConfigurationIsVisible = 0;
			defaultConfigurationName = Release;
		};
		2261EE0628575E610031FEE6 /* Build configuration list for PBXLegacyTarget "cargo_ios" */ = {
			isa = XCConfigurationList;
			buildConfigurations = (
				2261EE0728575E610031FEE6 /* Debug */,
				2261EE0828575E610031FEE6 /* Release */,
			);
			defaultConfigurationIsVisible = 0;
			defaultConfigurationName = Release;
		};
		2285B3D328507AC7000D641C /* Build configuration list for PBXProject "EZLog" */ = {
			isa = XCConfigurationList;
			buildConfigurations = (
				2285B3EB28507AC7000D641C /* Debug */,
				2285B3EC28507AC7000D641C /* Release */,
			);
			defaultConfigurationIsVisible = 0;
			defaultConfigurationName = Release;
		};
		2285B40228507B29000D641C /* Build configuration list for PBXNativeTarget "demo" */ = {
			isa = XCConfigurationList;
			buildConfigurations = (
				2285B40328507B29000D641C /* Debug */,
				2285B40428507B29000D641C /* Release */,
			);
			defaultConfigurationIsVisible = 0;
			defaultConfigurationName = Release;
		};
/* End XCConfigurationList section */
	};
	rootObject = 2285B3D028507AC7000D641C /* Project object */;
}
