// !$*UTF8*$!
{
	archiveVersion = 1;
	classes = {
	};
	objectVersion = 55;
	objects = {

/* Begin PBXBuildFile section */
		22400FD22851DBA7000DE162 /* libezlog.a in Frameworks */ = {isa = PBXBuildFile; fileRef = 22400FD02851DA82000DE162 /* libezlog.a */; };
		22400FD32851DDCA000DE162 /* ezlog.framework in Embed Frameworks */ = {isa = PBXBuildFile; fileRef = 225800BE2850CF9A00D0F075 /* ezlog.framework */; settings = {ATTRIBUTES = (CodeSignOnCopy, RemoveHeadersOnCopy, ); }; };
		225800C22850CF9A00D0F075 /* ezlog.docc in Sources */ = {isa = PBXBuildFile; fileRef = 225800C12850CF9A00D0F075 /* ezlog.docc */; };
		225800C32850CF9A00D0F075 /* ezlog.h in Headers */ = {isa = PBXBuildFile; fileRef = 225800C02850CF9A00D0F075 /* ezlog.h */; settings = {ATTRIBUTES = (Public, ); }; };
		227673BE2850D0740088CDC1 /* EZLog.swift in Sources */ = {isa = PBXBuildFile; fileRef = 227673BD2850D0740088CDC1 /* EZLog.swift */; };
		2285B3FA28507B27000D641C /* DemoApp.swift in Sources */ = {isa = PBXBuildFile; fileRef = 2285B3F928507B27000D641C /* DemoApp.swift */; };
		2285B3FC28507B27000D641C /* ContentView.swift in Sources */ = {isa = PBXBuildFile; fileRef = 2285B3FB28507B27000D641C /* ContentView.swift */; };
		2285B3FE28507B29000D641C /* Assets.xcassets in Resources */ = {isa = PBXBuildFile; fileRef = 2285B3FD28507B29000D641C /* Assets.xcassets */; };
		2285B40128507B29000D641C /* Preview Assets.xcassets in Resources */ = {isa = PBXBuildFile; fileRef = 2285B40028507B29000D641C /* Preview Assets.xcassets */; };
/* End PBXBuildFile section */

/* Begin PBXContainerItemProxy section */
		225800C72850CFD400D0F075 /* PBXContainerItemProxy */ = {
			isa = PBXContainerItemProxy;
			containerPortal = 2285B3D028507AC7000D641C /* Project object */;
			proxyType = 1;
			remoteGlobalIDString = 225800BD2850CF9A00D0F075;
			remoteInfo = ezlog;
		};
/* End PBXContainerItemProxy section */

/* Begin PBXCopyFilesBuildPhase section */
		2219CED82850BEC7005AC1A6 /* Embed Frameworks */ = {
			isa = PBXCopyFilesBuildPhase;
			buildActionMask = 2147483647;
			dstPath = "";
			dstSubfolderSpec = 10;
			files = (
				22400FD32851DDCA000DE162 /* ezlog.framework in Embed Frameworks */,
			);
			name = "Embed Frameworks";
			runOnlyForDeploymentPostprocessing = 0;
		};
/* End PBXCopyFilesBuildPhase section */

/* Begin PBXFileReference section */
		22400FD02851DA82000DE162 /* libezlog.a */ = {isa = PBXFileReference; lastKnownFileType = archive.ar; name = libezlog.a; path = "../target/aarch64-apple-ios/release/libezlog.a"; sourceTree = "<group>"; };
		225800BE2850CF9A00D0F075 /* ezlog.framework */ = {isa = PBXFileReference; explicitFileType = wrapper.framework; includeInIndex = 0; path = ezlog.framework; sourceTree = BUILT_PRODUCTS_DIR; };
		225800C02850CF9A00D0F075 /* ezlog.h */ = {isa = PBXFileReference; lastKnownFileType = sourcecode.c.h; path = ezlog.h; sourceTree = "<group>"; };
		225800C12850CF9A00D0F075 /* ezlog.docc */ = {isa = PBXFileReference; lastKnownFileType = folder.documentationcatalog; path = ezlog.docc; sourceTree = "<group>"; };
		227673BD2850D0740088CDC1 /* EZLog.swift */ = {isa = PBXFileReference; lastKnownFileType = sourcecode.swift; path = EZLog.swift; sourceTree = "<group>"; };
		2285B3E328507AC7000D641C /* ezlogTests.xctest */ = {isa = PBXFileReference; explicitFileType = wrapper.cfbundle; includeInIndex = 0; path = ezlogTests.xctest; sourceTree = BUILT_PRODUCTS_DIR; };
		2285B3F728507B27000D641C /* demo.app */ = {isa = PBXFileReference; explicitFileType = wrapper.application; includeInIndex = 0; path = demo.app; sourceTree = BUILT_PRODUCTS_DIR; };
		2285B3F928507B27000D641C /* DemoApp.swift */ = {isa = PBXFileReference; lastKnownFileType = sourcecode.swift; path = DemoApp.swift; sourceTree = "<group>"; };
		2285B3FB28507B27000D641C /* ContentView.swift */ = {isa = PBXFileReference; lastKnownFileType = sourcecode.swift; path = ContentView.swift; sourceTree = "<group>"; };
		2285B3FD28507B29000D641C /* Assets.xcassets */ = {isa = PBXFileReference; lastKnownFileType = folder.assetcatalog; path = Assets.xcassets; sourceTree = "<group>"; };
		2285B40028507B29000D641C /* Preview Assets.xcassets */ = {isa = PBXFileReference; lastKnownFileType = folder.assetcatalog; path = "Preview Assets.xcassets"; sourceTree = "<group>"; };
		22D01D062850C60B003D5C87 /* release */ = {isa = PBXFileReference; lastKnownFileType = folder; name = release; path = "../target/aarch64-apple-ios-macabi/release"; sourceTree = "<group>"; };
/* End PBXFileReference section */

/* Begin PBXFrameworksBuildPhase section */
		225800BB2850CF9A00D0F075 /* Frameworks */ = {
			isa = PBXFrameworksBuildPhase;
			buildActionMask = 2147483647;
			files = (
				22400FD22851DBA7000DE162 /* libezlog.a in Frameworks */,
			);
			runOnlyForDeploymentPostprocessing = 0;
		};
		2285B3E028507AC7000D641C /* Frameworks */ = {
			isa = PBXFrameworksBuildPhase;
			buildActionMask = 2147483647;
			files = (
			);
			runOnlyForDeploymentPostprocessing = 0;
		};
		2285B3F428507B27000D641C /* Frameworks */ = {
			isa = PBXFrameworksBuildPhase;
			buildActionMask = 2147483647;
			files = (
			);
			runOnlyForDeploymentPostprocessing = 0;
		};
/* End PBXFrameworksBuildPhase section */

/* Begin PBXGroup section */
		2219CEB32850852C005AC1A6 /* Frameworks */ = {
			isa = PBXGroup;
			children = (
				22400FD02851DA82000DE162 /* libezlog.a */,
				22D01D062850C60B003D5C87 /* release */,
			);
			name = Frameworks;
			sourceTree = "<group>";
		};
		225800BF2850CF9A00D0F075 /* ezlog */ = {
			isa = PBXGroup;
			children = (
				225800C02850CF9A00D0F075 /* ezlog.h */,
				225800C12850CF9A00D0F075 /* ezlog.docc */,
				227673BD2850D0740088CDC1 /* EZLog.swift */,
			);
			path = ezlog;
			sourceTree = "<group>";
		};
		2285B3CF28507AC7000D641C = {
			isa = PBXGroup;
			children = (
				2285B3F828507B27000D641C /* demo */,
				225800BF2850CF9A00D0F075 /* ezlog */,
				2285B3DA28507AC7000D641C /* Products */,
				2219CEB32850852C005AC1A6 /* Frameworks */,
			);
			sourceTree = "<group>";
		};
		2285B3DA28507AC7000D641C /* Products */ = {
			isa = PBXGroup;
			children = (
				2285B3E328507AC7000D641C /* ezlogTests.xctest */,
				2285B3F728507B27000D641C /* demo.app */,
				225800BE2850CF9A00D0F075 /* ezlog.framework */,
			);
			name = Products;
			sourceTree = "<group>";
		};
		2285B3F828507B27000D641C /* demo */ = {
			isa = PBXGroup;
			children = (
				2285B3F928507B27000D641C /* DemoApp.swift */,
				2285B3FB28507B27000D641C /* ContentView.swift */,
				2285B3FD28507B29000D641C /* Assets.xcassets */,
				2285B3FF28507B29000D641C /* Preview Content */,
			);
			path = demo;
			sourceTree = "<group>";
		};
		2285B3FF28507B29000D641C /* Preview Content */ = {
			isa = PBXGroup;
			children = (
				2285B40028507B29000D641C /* Preview Assets.xcassets */,
			);
			path = "Preview Content";
			sourceTree = "<group>";
		};
/* End PBXGroup section */

/* Begin PBXHeadersBuildPhase section */
		225800B92850CF9A00D0F075 /* Headers */ = {
			isa = PBXHeadersBuildPhase;
			buildActionMask = 2147483647;
			files = (
				225800C32850CF9A00D0F075 /* ezlog.h in Headers */,
			);
			runOnlyForDeploymentPostprocessing = 0;
		};
/* End PBXHeadersBuildPhase section */

/* Begin PBXNativeTarget section */
		225800BD2850CF9A00D0F075 /* ezlog */ = {
			isa = PBXNativeTarget;
			buildConfigurationList = 225800C42850CF9A00D0F075 /* Build configuration list for PBXNativeTarget "ezlog" */;
			buildPhases = (
				225800B92850CF9A00D0F075 /* Headers */,
				225800BA2850CF9A00D0F075 /* Sources */,
				225800BB2850CF9A00D0F075 /* Frameworks */,
				225800BC2850CF9A00D0F075 /* Resources */,
			);
			buildRules = (
			);
			dependencies = (
			);
			name = ezlog;
			productName = ezlog;
			productReference = 225800BE2850CF9A00D0F075 /* ezlog.framework */;
			productType = "com.apple.product-type.framework";
		};
		2285B3E228507AC7000D641C /* ezlogTests */ = {
			isa = PBXNativeTarget;
			buildConfigurationList = 2285B3F028507AC7000D641C /* Build configuration list for PBXNativeTarget "ezlogTests" */;
			buildPhases = (
				2285B3DF28507AC7000D641C /* Sources */,
				2285B3E028507AC7000D641C /* Frameworks */,
				2285B3E128507AC7000D641C /* Resources */,
			);
			buildRules = (
			);
			dependencies = (
			);
			name = ezlogTests;
			productName = ezlogTests;
			productReference = 2285B3E328507AC7000D641C /* ezlogTests.xctest */;
			productType = "com.apple.product-type.bundle.unit-test";
		};
		2285B3F628507B27000D641C /* demo */ = {
			isa = PBXNativeTarget;
			buildConfigurationList = 2285B40228507B29000D641C /* Build configuration list for PBXNativeTarget "demo" */;
			buildPhases = (
				2285B3F328507B27000D641C /* Sources */,
				2285B3F428507B27000D641C /* Frameworks */,
				2285B3F528507B27000D641C /* Resources */,
				2219CED82850BEC7005AC1A6 /* Embed Frameworks */,
			);
			buildRules = (
			);
			dependencies = (
				225800C82850CFD400D0F075 /* PBXTargetDependency */,
			);
			name = demo;
			productName = demo;
			productReference = 2285B3F728507B27000D641C /* demo.app */;
			productType = "com.apple.product-type.application";
		};
/* End PBXNativeTarget section */

/* Begin PBXProject section */
		2285B3D028507AC7000D641C /* Project object */ = {
			isa = PBXProject;
			attributes = {
				BuildIndependentTargetsInParallel = 1;
				LastSwiftUpdateCheck = 1340;
				LastUpgradeCheck = 1340;
				TargetAttributes = {
					225800BD2850CF9A00D0F075 = {
						CreatedOnToolsVersion = 13.4.1;
					};
					2285B3E228507AC7000D641C = {
						CreatedOnToolsVersion = 13.4.1;
					};
					2285B3F628507B27000D641C = {
						CreatedOnToolsVersion = 13.4.1;
					};
				};
			};
			buildConfigurationList = 2285B3D328507AC7000D641C /* Build configuration list for PBXProject "EZlog" */;
			compatibilityVersion = "Xcode 13.0";
			developmentRegion = en;
			hasScannedForEncodings = 0;
			knownRegions = (
				en,
				Base,
			);
			mainGroup = 2285B3CF28507AC7000D641C;
			productRefGroup = 2285B3DA28507AC7000D641C /* Products */;
			projectDirPath = "";
			projectRoot = "";
			targets = (
				2285B3E228507AC7000D641C /* ezlogTests */,
				2285B3F628507B27000D641C /* demo */,
				225800BD2850CF9A00D0F075 /* ezlog */,
			);
		};
/* End PBXProject section */

/* Begin PBXResourcesBuildPhase section */
		225800BC2850CF9A00D0F075 /* Resources */ = {
			isa = PBXResourcesBuildPhase;
			buildActionMask = 2147483647;
			files = (
			);
			runOnlyForDeploymentPostprocessing = 0;
		};
		2285B3E128507AC7000D641C /* Resources */ = {
			isa = PBXResourcesBuildPhase;
			buildActionMask = 2147483647;
			files = (
			);
			runOnlyForDeploymentPostprocessing = 0;
		};
		2285B3F528507B27000D641C /* Resources */ = {
			isa = PBXResourcesBuildPhase;
			buildActionMask = 2147483647;
			files = (
				2285B40128507B29000D641C /* Preview Assets.xcassets in Resources */,
				2285B3FE28507B29000D641C /* Assets.xcassets in Resources */,
			);
			runOnlyForDeploymentPostprocessing = 0;
		};
/* End PBXResourcesBuildPhase section */

/* Begin PBXSourcesBuildPhase section */
		225800BA2850CF9A00D0F075 /* Sources */ = {
			isa = PBXSourcesBuildPhase;
			buildActionMask = 2147483647;
			files = (
				225800C22850CF9A00D0F075 /* ezlog.docc in Sources */,
				227673BE2850D0740088CDC1 /* EZLog.swift in Sources */,
			);
			runOnlyForDeploymentPostprocessing = 0;
		};
		2285B3DF28507AC7000D641C /* Sources */ = {
			isa = PBXSourcesBuildPhase;
			buildActionMask = 2147483647;
			files = (
			);
			runOnlyForDeploymentPostprocessing = 0;
		};
		2285B3F328507B27000D641C /* Sources */ = {
			isa = PBXSourcesBuildPhase;
			buildActionMask = 2147483647;
			files = (
				2285B3FC28507B27000D641C /* ContentView.swift in Sources */,
				2285B3FA28507B27000D641C /* DemoApp.swift in Sources */,
			);
			runOnlyForDeploymentPostprocessing = 0;
		};
/* End PBXSourcesBuildPhase section */

/* Begin PBXTargetDependency section */
		225800C82850CFD400D0F075 /* PBXTargetDependency */ = {
			isa = PBXTargetDependency;
			target = 225800BD2850CF9A00D0F075 /* ezlog */;
			targetProxy = 225800C72850CFD400D0F075 /* PBXContainerItemProxy */;
		};
/* End PBXTargetDependency section */

/* Begin XCBuildConfiguration section */
		225800C52850CF9A00D0F075 /* Debug */ = {
			isa = XCBuildConfiguration;
			buildSettings = {
				CODE_SIGN_STYLE = Automatic;
				CURRENT_PROJECT_VERSION = 1;
				DEFINES_MODULE = YES;
				DEVELOPMENT_TEAM = WU3FS28JLY;
				DYLIB_COMPATIBILITY_VERSION = 1;
				DYLIB_CURRENT_VERSION = 1;
				DYLIB_INSTALL_NAME_BASE = "@rpath";
				GENERATE_INFOPLIST_FILE = YES;
				INFOPLIST_KEY_NSHumanReadableCopyright = "";
				INSTALL_PATH = "$(LOCAL_LIBRARY_DIR)/Frameworks";
				IPHONEOS_DEPLOYMENT_TARGET = 15.4;
				LD_RUNPATH_SEARCH_PATHS = (
					"$(inherited)",
					"@executable_path/Frameworks",
					"@loader_path/Frameworks",
				);
				LIBRARY_SEARCH_PATHS = "/Users/aldmgmgw/repo/ezlog/target/aarch64-apple-ios/release/**";
				MARKETING_VERSION = 1.0;
				PRODUCT_BUNDLE_IDENTIFIER = wtf.s1.ezlog;
				PRODUCT_NAME = "$(TARGET_NAME:c99extidentifier)";
				SKIP_INSTALL = YES;
				SUPPORTS_MACCATALYST = NO;
				SWIFT_EMIT_LOC_STRINGS = YES;
				SWIFT_VERSION = 5.0;
				TARGETED_DEVICE_FAMILY = "1,2";
			};
			name = Debug;
		};
		225800C62850CF9A00D0F075 /* Release */ = {
			isa = XCBuildConfiguration;
			buildSettings = {
				CODE_SIGN_STYLE = Automatic;
				CURRENT_PROJECT_VERSION = 1;
				DEFINES_MODULE = YES;
				DEVELOPMENT_TEAM = WU3FS28JLY;
				DYLIB_COMPATIBILITY_VERSION = 1;
				DYLIB_CURRENT_VERSION = 1;
				DYLIB_INSTALL_NAME_BASE = "@rpath";
				GENERATE_INFOPLIST_FILE = YES;
				INFOPLIST_KEY_NSHumanReadableCopyright = "";
				INSTALL_PATH = "$(LOCAL_LIBRARY_DIR)/Frameworks";
				IPHONEOS_DEPLOYMENT_TARGET = 15.4;
				LD_RUNPATH_SEARCH_PATHS = (
					"$(inherited)",
					"@executable_path/Frameworks",
					"@loader_path/Frameworks",
				);
				LIBRARY_SEARCH_PATHS = "/Users/aldmgmgw/repo/ezlog/target/aarch64-apple-ios/release/**";
				MARKETING_VERSION = 1.0;
				PRODUCT_BUNDLE_IDENTIFIER = wtf.s1.ezlog;
				PRODUCT_NAME = "$(TARGET_NAME:c99extidentifier)";
				SKIP_INSTALL = YES;
				SUPPORTS_MACCATALYST = NO;
				SWIFT_EMIT_LOC_STRINGS = YES;
				SWIFT_VERSION = 5.0;
				TARGETED_DEVICE_FAMILY = "1,2";
			};
			name = Release;
		};
		2285B3EB28507AC7000D641C /* Debug */ = {
			isa = XCBuildConfiguration;
			buildSettings = {
				ALWAYS_SEARCH_USER_PATHS = NO;
				CLANG_ANALYZER_NONNULL = YES;
				CLANG_ANALYZER_NUMBER_OBJECT_CONVERSION = YES_AGGRESSIVE;
				CLANG_CXX_LANGUAGE_STANDARD = "gnu++17";
				CLANG_ENABLE_MODULES = YES;
				CLANG_ENABLE_OBJC_ARC = YES;
				CLANG_ENABLE_OBJC_WEAK = YES;
				CLANG_WARN_BLOCK_CAPTURE_AUTORELEASING = YES;
				CLANG_WARN_BOOL_CONVERSION = YES;
				CLANG_WARN_COMMA = YES;
				CLANG_WARN_CONSTANT_CONVERSION = YES;
				CLANG_WARN_DEPRECATED_OBJC_IMPLEMENTATIONS = YES;
				CLANG_WARN_DIRECT_OBJC_ISA_USAGE = YES_ERROR;
				CLANG_WARN_DOCUMENTATION_COMMENTS = YES;
				CLANG_WARN_EMPTY_BODY = YES;
				CLANG_WARN_ENUM_CONVERSION = YES;
				CLANG_WARN_INFINITE_RECURSION = YES;
				CLANG_WARN_INT_CONVERSION = YES;
				CLANG_WARN_NON_LITERAL_NULL_CONVERSION = YES;
				CLANG_WARN_OBJC_IMPLICIT_RETAIN_SELF = YES;
				CLANG_WARN_OBJC_LITERAL_CONVERSION = YES;
				CLANG_WARN_OBJC_ROOT_CLASS = YES_ERROR;
				CLANG_WARN_QUOTED_INCLUDE_IN_FRAMEWORK_HEADER = YES;
				CLANG_WARN_RANGE_LOOP_ANALYSIS = YES;
				CLANG_WARN_STRICT_PROTOTYPES = YES;
				CLANG_WARN_SUSPICIOUS_MOVE = YES;
				CLANG_WARN_UNGUARDED_AVAILABILITY = YES_AGGRESSIVE;
				CLANG_WARN_UNREACHABLE_CODE = YES;
				CLANG_WARN__DUPLICATE_METHOD_MATCH = YES;
				COPY_PHASE_STRIP = NO;
				CURRENT_PROJECT_VERSION = 1;
				DEBUG_INFORMATION_FORMAT = dwarf;
				ENABLE_STRICT_OBJC_MSGSEND = YES;
				ENABLE_TESTABILITY = YES;
				GCC_C_LANGUAGE_STANDARD = gnu11;
				GCC_DYNAMIC_NO_PIC = NO;
				GCC_NO_COMMON_BLOCKS = YES;
				GCC_OPTIMIZATION_LEVEL = 0;
				GCC_PREPROCESSOR_DEFINITIONS = (
					"DEBUG=1",
					"$(inherited)",
				);
				GCC_WARN_64_TO_32_BIT_CONVERSION = YES;
				GCC_WARN_ABOUT_RETURN_TYPE = YES_ERROR;
				GCC_WARN_UNDECLARED_SELECTOR = YES;
				GCC_WARN_UNINITIALIZED_AUTOS = YES_AGGRESSIVE;
				GCC_WARN_UNUSED_FUNCTION = YES;
				GCC_WARN_UNUSED_VARIABLE = YES;
				IPHONEOS_DEPLOYMENT_TARGET = 15.4;
				LIBRARY_SEARCH_PATHS = "";
				MTL_ENABLE_DEBUG_INFO = INCLUDE_SOURCE;
				MTL_FAST_MATH = YES;
				ONLY_ACTIVE_ARCH = YES;
				SDKROOT = iphoneos;
				SWIFT_ACTIVE_COMPILATION_CONDITIONS = DEBUG;
				SWIFT_OPTIMIZATION_LEVEL = "-Onone";
				VERSIONING_SYSTEM = "apple-generic";
				VERSION_INFO_PREFIX = "";
			};
			name = Debug;
		};
		2285B3EC28507AC7000D641C /* Release */ = {
			isa = XCBuildConfiguration;
			buildSettings = {
				ALWAYS_SEARCH_USER_PATHS = NO;
				CLANG_ANALYZER_NONNULL = YES;
				CLANG_ANALYZER_NUMBER_OBJECT_CONVERSION = YES_AGGRESSIVE;
				CLANG_CXX_LANGUAGE_STANDARD = "gnu++17";
				CLANG_ENABLE_MODULES = YES;
				CLANG_ENABLE_OBJC_ARC = YES;
				CLANG_ENABLE_OBJC_WEAK = YES;
				CLANG_WARN_BLOCK_CAPTURE_AUTORELEASING = YES;
				CLANG_WARN_BOOL_CONVERSION = YES;
				CLANG_WARN_COMMA = YES;
				CLANG_WARN_CONSTANT_CONVERSION = YES;
				CLANG_WARN_DEPRECATED_OBJC_IMPLEMENTATIONS = YES;
				CLANG_WARN_DIRECT_OBJC_ISA_USAGE = YES_ERROR;
				CLANG_WARN_DOCUMENTATION_COMMENTS = YES;
				CLANG_WARN_EMPTY_BODY = YES;
				CLANG_WARN_ENUM_CONVERSION = YES;
				CLANG_WARN_INFINITE_RECURSION = YES;
				CLANG_WARN_INT_CONVERSION = YES;
				CLANG_WARN_NON_LITERAL_NULL_CONVERSION = YES;
				CLANG_WARN_OBJC_IMPLICIT_RETAIN_SELF = YES;
				CLANG_WARN_OBJC_LITERAL_CONVERSION = YES;
				CLANG_WARN_OBJC_ROOT_CLASS = YES_ERROR;
				CLANG_WARN_QUOTED_INCLUDE_IN_FRAMEWORK_HEADER = YES;
				CLANG_WARN_RANGE_LOOP_ANALYSIS = YES;
				CLANG_WARN_STRICT_PROTOTYPES = YES;
				CLANG_WARN_SUSPICIOUS_MOVE = YES;
				CLANG_WARN_UNGUARDED_AVAILABILITY = YES_AGGRESSIVE;
				CLANG_WARN_UNREACHABLE_CODE = YES;
				CLANG_WARN__DUPLICATE_METHOD_MATCH = YES;
				COPY_PHASE_STRIP = NO;
				CURRENT_PROJECT_VERSION = 1;
				DEBUG_INFORMATION_FORMAT = "dwarf-with-dsym";
				ENABLE_NS_ASSERTIONS = NO;
				ENABLE_STRICT_OBJC_MSGSEND = YES;
				GCC_C_LANGUAGE_STANDARD = gnu11;
				GCC_NO_COMMON_BLOCKS = YES;
				GCC_WARN_64_TO_32_BIT_CONVERSION = YES;
				GCC_WARN_ABOUT_RETURN_TYPE = YES_ERROR;
				GCC_WARN_UNDECLARED_SELECTOR = YES;
				GCC_WARN_UNINITIALIZED_AUTOS = YES_AGGRESSIVE;
				GCC_WARN_UNUSED_FUNCTION = YES;
				GCC_WARN_UNUSED_VARIABLE = YES;
				IPHONEOS_DEPLOYMENT_TARGET = 15.4;
				LIBRARY_SEARCH_PATHS = "";
				MTL_ENABLE_DEBUG_INFO = NO;
				MTL_FAST_MATH = YES;
				SDKROOT = iphoneos;
				SWIFT_COMPILATION_MODE = wholemodule;
				SWIFT_OPTIMIZATION_LEVEL = "-O";
				VALIDATE_PRODUCT = YES;
				VERSIONING_SYSTEM = "apple-generic";
				VERSION_INFO_PREFIX = "";
			};
			name = Release;
		};
		2285B3F128507AC7000D641C /* Debug */ = {
			isa = XCBuildConfiguration;
			buildSettings = {
				CODE_SIGN_STYLE = Automatic;
				CURRENT_PROJECT_VERSION = 1;
				DEVELOPMENT_TEAM = WU3FS28JLY;
				GENERATE_INFOPLIST_FILE = YES;
				IPHONEOS_DEPLOYMENT_TARGET = 15.4;
				MARKETING_VERSION = 1.0;
				PRODUCT_BUNDLE_IDENTIFIER = wtf.s1.ezlogTests;
				PRODUCT_NAME = "$(TARGET_NAME)";
				SWIFT_EMIT_LOC_STRINGS = NO;
				SWIFT_VERSION = 5.0;
				TARGETED_DEVICE_FAMILY = "1,2";
			};
			name = Debug;
		};
		2285B3F228507AC7000D641C /* Release */ = {
			isa = XCBuildConfiguration;
			buildSettings = {
				CODE_SIGN_STYLE = Automatic;
				CURRENT_PROJECT_VERSION = 1;
				DEVELOPMENT_TEAM = WU3FS28JLY;
				GENERATE_INFOPLIST_FILE = YES;
				IPHONEOS_DEPLOYMENT_TARGET = 15.4;
				MARKETING_VERSION = 1.0;
				PRODUCT_BUNDLE_IDENTIFIER = wtf.s1.ezlogTests;
				PRODUCT_NAME = "$(TARGET_NAME)";
				SWIFT_EMIT_LOC_STRINGS = NO;
				SWIFT_VERSION = 5.0;
				TARGETED_DEVICE_FAMILY = "1,2";
			};
			name = Release;
		};
		2285B40328507B29000D641C /* Debug */ = {
			isa = XCBuildConfiguration;
			buildSettings = {
				ALWAYS_EMBED_SWIFT_STANDARD_LIBRARIES = YES;
				ASSETCATALOG_COMPILER_APPICON_NAME = AppIcon;
				ASSETCATALOG_COMPILER_GLOBAL_ACCENT_COLOR_NAME = AccentColor;
				CODE_SIGN_STYLE = Automatic;
				CURRENT_PROJECT_VERSION = 1;
				DEVELOPMENT_ASSET_PATHS = "\"demo/Preview Content\"";
				DEVELOPMENT_TEAM = WU3FS28JLY;
				ENABLE_PREVIEWS = YES;
				"FRAMEWORK_SEARCH_PATHS[arch=*]" = "";
				GENERATE_INFOPLIST_FILE = YES;
				INFOPLIST_KEY_UIApplicationSceneManifest_Generation = YES;
				INFOPLIST_KEY_UIApplicationSupportsIndirectInputEvents = YES;
				INFOPLIST_KEY_UILaunchScreen_Generation = YES;
				INFOPLIST_KEY_UISupportedInterfaceOrientations_iPad = "UIInterfaceOrientationPortrait UIInterfaceOrientationPortraitUpsideDown UIInterfaceOrientationLandscapeLeft UIInterfaceOrientationLandscapeRight";
				INFOPLIST_KEY_UISupportedInterfaceOrientations_iPhone = "UIInterfaceOrientationPortrait UIInterfaceOrientationLandscapeLeft UIInterfaceOrientationLandscapeRight";
				IPHONEOS_DEPLOYMENT_TARGET = 15.4;
				LD_RUNPATH_SEARCH_PATHS = (
					"$(inherited)",
					"@executable_path/Frameworks",
				);
				"LIBRARY_SEARCH_PATHS[arch=*]" = "/Users/aldmgmgw/repo/ezlog/target/aarch64-apple-ios-macabi/release";
				MARKETING_VERSION = 1.0;
				PRODUCT_BUNDLE_IDENTIFIER = wtf.s1.demo;
				PRODUCT_NAME = "$(TARGET_NAME)";
				SWIFT_EMIT_LOC_STRINGS = YES;
				SWIFT_VERSION = 5.0;
				TARGETED_DEVICE_FAMILY = "1,2";
			};
			name = Debug;
		};
		2285B40428507B29000D641C /* Release */ = {
			isa = XCBuildConfiguration;
			buildSettings = {
				ALWAYS_EMBED_SWIFT_STANDARD_LIBRARIES = YES;
				ASSETCATALOG_COMPILER_APPICON_NAME = AppIcon;
				ASSETCATALOG_COMPILER_GLOBAL_ACCENT_COLOR_NAME = AccentColor;
				CODE_SIGN_STYLE = Automatic;
				CURRENT_PROJECT_VERSION = 1;
				DEVELOPMENT_ASSET_PATHS = "\"demo/Preview Content\"";
				DEVELOPMENT_TEAM = WU3FS28JLY;
				ENABLE_PREVIEWS = YES;
				GENERATE_INFOPLIST_FILE = YES;
				INFOPLIST_KEY_UIApplicationSceneManifest_Generation = YES;
				INFOPLIST_KEY_UIApplicationSupportsIndirectInputEvents = YES;
				INFOPLIST_KEY_UILaunchScreen_Generation = YES;
				INFOPLIST_KEY_UISupportedInterfaceOrientations_iPad = "UIInterfaceOrientationPortrait UIInterfaceOrientationPortraitUpsideDown UIInterfaceOrientationLandscapeLeft UIInterfaceOrientationLandscapeRight";
				INFOPLIST_KEY_UISupportedInterfaceOrientations_iPhone = "UIInterfaceOrientationPortrait UIInterfaceOrientationLandscapeLeft UIInterfaceOrientationLandscapeRight";
				IPHONEOS_DEPLOYMENT_TARGET = 15.4;
				LD_RUNPATH_SEARCH_PATHS = (
					"$(inherited)",
					"@executable_path/Frameworks",
				);
				MARKETING_VERSION = 1.0;
				PRODUCT_BUNDLE_IDENTIFIER = wtf.s1.demo;
				PRODUCT_NAME = "$(TARGET_NAME)";
				SWIFT_EMIT_LOC_STRINGS = YES;
				SWIFT_VERSION = 5.0;
				TARGETED_DEVICE_FAMILY = "1,2";
			};
			name = Release;
		};
/* End XCBuildConfiguration section */

/* Begin XCConfigurationList section */
		225800C42850CF9A00D0F075 /* Build configuration list for PBXNativeTarget "ezlog" */ = {
			isa = XCConfigurationList;
			buildConfigurations = (
				225800C52850CF9A00D0F075 /* Debug */,
				225800C62850CF9A00D0F075 /* Release */,
			);
			defaultConfigurationIsVisible = 0;
			defaultConfigurationName = Release;
		};
		2285B3D328507AC7000D641C /* Build configuration list for PBXProject "EZlog" */ = {
			isa = XCConfigurationList;
			buildConfigurations = (
				2285B3EB28507AC7000D641C /* Debug */,
				2285B3EC28507AC7000D641C /* Release */,
			);
			defaultConfigurationIsVisible = 0;
			defaultConfigurationName = Release;
		};
		2285B3F028507AC7000D641C /* Build configuration list for PBXNativeTarget "ezlogTests" */ = {
			isa = XCConfigurationList;
			buildConfigurations = (
				2285B3F128507AC7000D641C /* Debug */,
				2285B3F228507AC7000D641C /* Release */,
			);
			defaultConfigurationIsVisible = 0;
			defaultConfigurationName = Release;
		};
		2285B40228507B29000D641C /* Build configuration list for PBXNativeTarget "demo" */ = {
			isa = XCConfigurationList;
			buildConfigurations = (
				2285B40328507B29000D641C /* Debug */,
				2285B40428507B29000D641C /* Release */,
			);
			defaultConfigurationIsVisible = 0;
			defaultConfigurationName = Release;
		};
/* End XCConfigurationList section */
	};
	rootObject = 2285B3D028507AC7000D641C /* Project object */;
}
