PODS:
  - EZLog (0.2.0)
  - ezlog_flutter (0.2.0):
    - EZLog (>= 0.2.0)
    - Flutter
  - Flutter (1.0.0)
  - path_provider_foundation (0.0.1):
    - Flutter
    - FlutterMacOS

DEPENDENCIES:
  - ezlog_flutter (from `.symlinks/plugins/ezlog_flutter/ios`)
  - Flutter (from `Flutter`)
  - path_provider_foundation (from `.symlinks/plugins/path_provider_foundation/darwin`)

SPEC REPOS:
  trunk:
    - EZLog

EXTERNAL SOURCES:
  ezlog_flutter:
    :path: ".symlinks/plugins/ezlog_flutter/ios"
  Flutter:
    :path: Flutter
  path_provider_foundation:
    :path: ".symlinks/plugins/path_provider_foundation/darwin"

SPEC CHECKSUMS:
  EZLog: 842e5b9304e72faef324e33412467fa3c001074a
  ezlog_flutter: a2e88fe49b52e794d9c884612163cfa4998913ed
  Flutter: f04841e97a9d0b0a8025694d0796dd46242b2854
  path_provider_foundation: 29f094ae23ebbca9d3d0cec13889cd9060c0e943

PODFILE CHECKSUM: b13414d87395f00cffa4410db337c2a57c089154

COCOAPODS: 1.15.2
