PODS:
  - EZLog (0.2.0-alpha.2)
  - ezlog_flutter (0.0.1):
    - EZLog (> 0.2.0-alpha)
    - Flutter
  - Flutter (1.0.0)
  - path_provider_foundation (0.0.1):
    - Flutter
    - FlutterMacOS

DEPENDENCIES:
  - ezlog_flutter (from `.symlinks/plugins/ezlog_flutter/ios`)
  - Flutter (from `Flutter`)
  - path_provider_foundation (from `.symlinks/plugins/path_provider_foundation/darwin`)

SPEC REPOS:
  trunk:
    - EZLog

EXTERNAL SOURCES:
  ezlog_flutter:
    :path: ".symlinks/plugins/ezlog_flutter/ios"
  Flutter:
    :path: Flutter
  path_provider_foundation:
    :path: ".symlinks/plugins/path_provider_foundation/darwin"

SPEC CHECKSUMS:
  EZLog: 73e75c62b598027af95bdac502c51311ba0174b4
  ezlog_flutter: 3ecbd6658ff9145d725abe33da65e6e4717eda51
  Flutter: f04841e97a9d0b0a8025694d0796dd46242b2854
  path_provider_foundation: 29f094ae23ebbca9d3d0cec13889cd9060c0e943

PODFILE CHECKSUM: 8b0dd513666eaf3741dd960dfac96db902517c4f

COCOAPODS: 1.12.1
